
Microsoft Visual Studio Solution File, Format Version 12.00
# Visual Studio Version 16
VisualStudioVersion = 16.0.29306.81
MinimumVisualStudioVersion = 10.0.40219.1
Project("{FAE04EC0-301F-11D3-BF4B-00C04F79EFBC}") = "LINQ8", "LINQ8\LINQ8.csproj", "{D68C5DCA-D455-42AD-9341-F56FA7728A32}"
EndProject
Global
	GlobalSection(SolutionConfigurationPlatforms) = preSolution
		Debug|Any CPU = Debug|Any CPU
		Release|Any CPU = Release|Any CPU
	EndGlobalSection
	GlobalSection(ProjectConfigurationPlatforms) = postSolution
		{D68C5DCA-D455-42AD-9341-F56FA7728A32}.Debug|Any CPU.ActiveCfg = Debug|Any CPU
		{D68C5DCA-D455-42AD-9341-F56FA7728A32}.Debug|Any CPU.Build.0 = Debug|Any CPU
		{D68C5DCA-D455-42AD-9341-F56FA7728A32}.Release|Any CPU.ActiveCfg = Release|Any CPU
		{D68C5DCA-D455-42AD-9341-F56FA7728A32}.Release|Any CPU.Build.0 = Release|Any CPU
	EndGlobalSection
	GlobalSection(SolutionProperties) = preSolution
		HideSolutionNode = FALSE
	EndGlobalSection
	GlobalSection(ExtensibilityGlobals) = postSolution
		SolutionGuid = {C5100215-63E1-4CA7-A798-BC18A7F4FEBC}
	EndGlobalSection
EndGlobal
